// !$*UTF8*$!
{
	archiveVersion = 1;
	classes = {
	};
	objectVersion = 46;
	objects = {

/* Begin PBXBuildFile section */
		026E4DCCD00EE87D6DFC2132 /* Pods_Weather.framework in Frameworks */ = {isa = PBXBuildFile; fileRef = 73D4FF15B2CFE15A3E5F56F0 /* Pods_Weather.framework */; };
		40E9B0E67896AB073A934DFE /* Pods_WeatherTests.framework in Frameworks */ = {isa = PBXBuildFile; fileRef = 578601BCE2F08C4B9E2CDB28 /* Pods_WeatherTests.framework */; };
		988AB67DE1D16E459951AAC9 /* Pods_Weather_WeatherUITests.framework in Frameworks */ = {isa = PBXBuildFile; fileRef = 4A3E6BD0F9E3A32754CD0C4C /* Pods_Weather_WeatherUITests.framework */; };
		A39510B055E575D4010B16DA /* LaunchScreen.storyboard in Resources */ = {isa = PBXBuildFile; fileRef = A3951756C9081C30BA5F0DA6 /* LaunchScreen.storyboard */; };
		A39511609849438B0D1809CC /* NetworkingAPIKey.m in Sources */ = {isa = PBXBuildFile; fileRef = A39510798C92FB0120D45C86 /* NetworkingAPIKey.m */; };
		A39512BA8D0CE6CBDBDC74E1 /* AppDelegate.m in Sources */ = {isa = PBXBuildFile; fileRef = A3951062C1986386F865AC9D /* AppDelegate.m */; };
		A3951363947D6F330DBE3B20 /* CollectionViewCell.m in Sources */ = {isa = PBXBuildFile; fileRef = A3951729441589153A8CAB41 /* CollectionViewCell.m */; };
		A3951422F1ADA65B91B4F0CA /* WeatherTests.m in Sources */ = {isa = PBXBuildFile; fileRef = A3951E01CC29053BD6A4DFC1 /* WeatherTests.m */; };
		A395151660C2365519424698 /* main.m in Sources */ = {isa = PBXBuildFile; fileRef = A39510806A6970F81502C116 /* main.m */; };
		A39515322F2EA97F1923DB58 /* WeatherUITests.m in Sources */ = {isa = PBXBuildFile; fileRef = A39519D515B7026E36AA0604 /* WeatherUITests.m */; };
		A395153A2626CD36EF72FFB7 /* Networking.m in Sources */ = {isa = PBXBuildFile; fileRef = A3951A9C43614DD6190799A7 /* Networking.m */; };
		A39515ABE616D73673FECB8E /* ViewController+Design.m in Sources */ = {isa = PBXBuildFile; fileRef = A395190027FAB8395A9CBEC4 /* ViewController+Design.m */; };
		A3951662CE2D56B14319E43D /* Assets.xcassets in Resources */ = {isa = PBXBuildFile; fileRef = A3951D1F88F70EAFAF0F0C90 /* Assets.xcassets */; };
		A395186FE1E818BFF6326599 /* ViewController.m in Sources */ = {isa = PBXBuildFile; fileRef = A39514B3AB4480F9FCB44FD4 /* ViewController.m */; };
		A3951D56D7C6FCF85F66B1D5 /* WeatherConditionView.m in Sources */ = {isa = PBXBuildFile; fileRef = A3951760BE6078619808F311 /* WeatherConditionView.m */; };
		A3951F46E65ECF5C1648EEA3 /* SceneDelegate.m in Sources */ = {isa = PBXBuildFile; fileRef = A39510D8129713E0934F3D48 /* SceneDelegate.m */; };
		A3951F88C97476E68CC7BEE6 /* AnimatedLabelView.m in Sources */ = {isa = PBXBuildFile; fileRef = A395191420A10F6DEB3818D8 /* AnimatedLabelView.m */; };
/* End PBXBuildFile section */

/* Begin PBXContainerItemProxy section */
		A39516CB0D9B4FA27DAE0BFA /* PBXContainerItemProxy */ = {
			isa = PBXContainerItemProxy;
			containerPortal = A3951AF54EE04441CF26FD0F /* Project object */;
			proxyType = 1;
			remoteGlobalIDString = A3951468E3E304DC5271C4BA;
			remoteInfo = Weather;
		};
		A3951A841A10CF08DE68D7B2 /* PBXContainerItemProxy */ = {
			isa = PBXContainerItemProxy;
			containerPortal = A3951AF54EE04441CF26FD0F /* Project object */;
			proxyType = 1;
			remoteGlobalIDString = A3951468E3E304DC5271C4BA;
			remoteInfo = Weather;
		};
/* End PBXContainerItemProxy section */

/* Begin PBXFileReference section */
		22219BB24714747DA415B3A9 /* Pods-Weather-WeatherUITests.release.xcconfig */ = {isa = PBXFileReference; includeInIndex = 1; lastKnownFileType = text.xcconfig; name = "Pods-Weather-WeatherUITests.release.xcconfig"; path = "Target Support Files/Pods-Weather-WeatherUITests/Pods-Weather-WeatherUITests.release.xcconfig"; sourceTree = "<group>"; };
		4A3E6BD0F9E3A32754CD0C4C /* Pods_Weather_WeatherUITests.framework */ = {isa = PBXFileReference; explicitFileType = wrapper.framework; includeInIndex = 0; path = Pods_Weather_WeatherUITests.framework; sourceTree = BUILT_PRODUCTS_DIR; };
		4E056BDAA4D0997798A31ED1 /* Pods-WeatherTests.debug.xcconfig */ = {isa = PBXFileReference; includeInIndex = 1; lastKnownFileType = text.xcconfig; name = "Pods-WeatherTests.debug.xcconfig"; path = "Target Support Files/Pods-WeatherTests/Pods-WeatherTests.debug.xcconfig"; sourceTree = "<group>"; };
		578601BCE2F08C4B9E2CDB28 /* Pods_WeatherTests.framework */ = {isa = PBXFileReference; explicitFileType = wrapper.framework; includeInIndex = 0; path = Pods_WeatherTests.framework; sourceTree = BUILT_PRODUCTS_DIR; };
		73D4FF15B2CFE15A3E5F56F0 /* Pods_Weather.framework */ = {isa = PBXFileReference; explicitFileType = wrapper.framework; includeInIndex = 0; path = Pods_Weather.framework; sourceTree = BUILT_PRODUCTS_DIR; };
		7FC01D3C7885448EE6901E28 /* Pods-WeatherTests.release.xcconfig */ = {isa = PBXFileReference; includeInIndex = 1; lastKnownFileType = text.xcconfig; name = "Pods-WeatherTests.release.xcconfig"; path = "Target Support Files/Pods-WeatherTests/Pods-WeatherTests.release.xcconfig"; sourceTree = "<group>"; };
		A3951062C1986386F865AC9D /* AppDelegate.m */ = {isa = PBXFileReference; fileEncoding = 4; lastKnownFileType = sourcecode.c.objc; path = AppDelegate.m; sourceTree = "<group>"; };
		A39510798C92FB0120D45C86 /* NetworkingAPIKey.m */ = {isa = PBXFileReference; fileEncoding = 4; lastKnownFileType = sourcecode.c.objc; path = NetworkingAPIKey.m; sourceTree = "<group>"; };
		A39510806A6970F81502C116 /* main.m */ = {isa = PBXFileReference; fileEncoding = 4; lastKnownFileType = sourcecode.c.objc; path = main.m; sourceTree = "<group>"; };
		A39510D8129713E0934F3D48 /* SceneDelegate.m */ = {isa = PBXFileReference; fileEncoding = 4; lastKnownFileType = sourcecode.c.objc; path = SceneDelegate.m; sourceTree = "<group>"; };
		A39511FC172EC0A0AE2CE173 /* Info.plist */ = {isa = PBXFileReference; lastKnownFileType = text.plist.info; path = Info.plist; sourceTree = "<group>"; };
		A39512DD5FABDC1716F1F441 /* Weather.app */ = {isa = PBXFileReference; explicitFileType = wrapper.application; includeInIndex = 0; path = Weather.app; sourceTree = BUILT_PRODUCTS_DIR; };
		A395135E36A0831A036F2C1F /* Base */ = {isa = PBXFileReference; lastKnownFileType = file.storyboard; name = Base; path = Base.lproj/LaunchScreen.storyboard; sourceTree = "<group>"; };
		A39514B3AB4480F9FCB44FD4 /* ViewController.m */ = {isa = PBXFileReference; fileEncoding = 4; lastKnownFileType = sourcecode.c.objc; path = ViewController.m; sourceTree = "<group>"; };
		A39515817083EDE09B412280 /* NetworkingAPIKey.h */ = {isa = PBXFileReference; fileEncoding = 4; lastKnownFileType = sourcecode.c.h; path = NetworkingAPIKey.h; sourceTree = "<group>"; };
		A395163E1EDAE3489074B59E /* Info.plist */ = {isa = PBXFileReference; lastKnownFileType = text.plist.info; path = Info.plist; sourceTree = "<group>"; };
		A39516DD84D4B8C959E63C07 /* Info.plist */ = {isa = PBXFileReference; lastKnownFileType = text.plist.info; path = Info.plist; sourceTree = "<group>"; };
		A3951729441589153A8CAB41 /* CollectionViewCell.m */ = {isa = PBXFileReference; fileEncoding = 4; lastKnownFileType = sourcecode.c.objc; path = CollectionViewCell.m; sourceTree = "<group>"; };
		A3951760BE6078619808F311 /* WeatherConditionView.m */ = {isa = PBXFileReference; fileEncoding = 4; lastKnownFileType = sourcecode.c.objc; path = WeatherConditionView.m; sourceTree = "<group>"; };
		A39517B6CF71C403C25BC31E /* ViewController+Design.h */ = {isa = PBXFileReference; fileEncoding = 4; lastKnownFileType = sourcecode.c.h; path = "ViewController+Design.h"; sourceTree = "<group>"; };
		A3951821B85AC65A492EF5A3 /* ViewController.h */ = {isa = PBXFileReference; fileEncoding = 4; lastKnownFileType = sourcecode.c.h; path = ViewController.h; sourceTree = "<group>"; };
		A395188F0EDFA196E3A8EA19 /* WeatherUITests.xctest */ = {isa = PBXFileReference; explicitFileType = wrapper.cfbundle; includeInIndex = 0; path = WeatherUITests.xctest; sourceTree = BUILT_PRODUCTS_DIR; };
		A395190027FAB8395A9CBEC4 /* ViewController+Design.m */ = {isa = PBXFileReference; fileEncoding = 4; lastKnownFileType = sourcecode.c.objc; path = "ViewController+Design.m"; sourceTree = "<group>"; };
		A395191420A10F6DEB3818D8 /* AnimatedLabelView.m */ = {isa = PBXFileReference; fileEncoding = 4; lastKnownFileType = sourcecode.c.objc; path = AnimatedLabelView.m; sourceTree = "<group>"; };
		A39519C63F3B4A39960B8617 /* CollectionViewCell.h */ = {isa = PBXFileReference; fileEncoding = 4; lastKnownFileType = sourcecode.c.h; path = CollectionViewCell.h; sourceTree = "<group>"; };
		A39519D515B7026E36AA0604 /* WeatherUITests.m */ = {isa = PBXFileReference; lastKnownFileType = sourcecode.c.objc; path = WeatherUITests.m; sourceTree = "<group>"; };
		A3951A9C43614DD6190799A7 /* Networking.m */ = {isa = PBXFileReference; fileEncoding = 4; lastKnownFileType = sourcecode.c.objc; path = Networking.m; sourceTree = "<group>"; };
		A3951AB34101913739477DF1 /* Networking.h */ = {isa = PBXFileReference; fileEncoding = 4; lastKnownFileType = sourcecode.c.h; path = Networking.h; sourceTree = "<group>"; };
		A3951D12CEA4F2E467C14D76 /* SceneDelegate.h */ = {isa = PBXFileReference; fileEncoding = 4; lastKnownFileType = sourcecode.c.h; path = SceneDelegate.h; sourceTree = "<group>"; };
		A3951D15729A9D14C150D148 /* WeatherTests.xctest */ = {isa = PBXFileReference; explicitFileType = wrapper.cfbundle; includeInIndex = 0; path = WeatherTests.xctest; sourceTree = BUILT_PRODUCTS_DIR; };
		A3951D1F88F70EAFAF0F0C90 /* Assets.xcassets */ = {isa = PBXFileReference; lastKnownFileType = folder.assetcatalog; path = Assets.xcassets; sourceTree = "<group>"; };
		A3951D235B0D344BA0A2E333 /* AnimatedLabelView.h */ = {isa = PBXFileReference; fileEncoding = 4; lastKnownFileType = sourcecode.c.h; path = AnimatedLabelView.h; sourceTree = "<group>"; };
		A3951D6EA4F94AF0DBABE3B7 /* WeatherConditionView.h */ = {isa = PBXFileReference; fileEncoding = 4; lastKnownFileType = sourcecode.c.h; path = WeatherConditionView.h; sourceTree = "<group>"; };
		A3951DA4DEDF21B93631417F /* AppDelegate.h */ = {isa = PBXFileReference; fileEncoding = 4; lastKnownFileType = sourcecode.c.h; path = AppDelegate.h; sourceTree = "<group>"; };
		A3951E01CC29053BD6A4DFC1 /* WeatherTests.m */ = {isa = PBXFileReference; lastKnownFileType = sourcecode.c.objc; path = WeatherTests.m; sourceTree = "<group>"; };
		C1DF6CBDECD67014B894E51A /* Pods-Weather.release.xcconfig */ = {isa = PBXFileReference; includeInIndex = 1; lastKnownFileType = text.xcconfig; name = "Pods-Weather.release.xcconfig"; path = "Target Support Files/Pods-Weather/Pods-Weather.release.xcconfig"; sourceTree = "<group>"; };
		E5B29999026C1C9168F57EA0 /* Pods-Weather-WeatherUITests.debug.xcconfig */ = {isa = PBXFileReference; includeInIndex = 1; lastKnownFileType = text.xcconfig; name = "Pods-Weather-WeatherUITests.debug.xcconfig"; path = "Target Support Files/Pods-Weather-WeatherUITests/Pods-Weather-WeatherUITests.debug.xcconfig"; sourceTree = "<group>"; };
		F8371F481303701D6A805C99 /* Pods-Weather.debug.xcconfig */ = {isa = PBXFileReference; includeInIndex = 1; lastKnownFileType = text.xcconfig; name = "Pods-Weather.debug.xcconfig"; path = "Target Support Files/Pods-Weather/Pods-Weather.debug.xcconfig"; sourceTree = "<group>"; };
/* End PBXFileReference section */

/* Begin PBXFrameworksBuildPhase section */
		A395187B49A98010EB36439A /* Frameworks */ = {
			isa = PBXFrameworksBuildPhase;
			buildActionMask = 2147483647;
			files = (
				026E4DCCD00EE87D6DFC2132 /* Pods_Weather.framework in Frameworks */,
			);
			runOnlyForDeploymentPostprocessing = 0;
		};
		A3951995D64E06178E08E1D6 /* Frameworks */ = {
			isa = PBXFrameworksBuildPhase;
			buildActionMask = 2147483647;
			files = (
				988AB67DE1D16E459951AAC9 /* Pods_Weather_WeatherUITests.framework in Frameworks */,
			);
			runOnlyForDeploymentPostprocessing = 0;
		};
		A3951EDA3E684490A75BD640 /* Frameworks */ = {
			isa = PBXFrameworksBuildPhase;
			buildActionMask = 2147483647;
			files = (
				40E9B0E67896AB073A934DFE /* Pods_WeatherTests.framework in Frameworks */,
			);
			runOnlyForDeploymentPostprocessing = 0;
		};
/* End PBXFrameworksBuildPhase section */

/* Begin PBXGroup section */
		57872B9CA316B767F2D31975 /* Frameworks */ = {
			isa = PBXGroup;
			children = (
				73D4FF15B2CFE15A3E5F56F0 /* Pods_Weather.framework */,
				4A3E6BD0F9E3A32754CD0C4C /* Pods_Weather_WeatherUITests.framework */,
				578601BCE2F08C4B9E2CDB28 /* Pods_WeatherTests.framework */,
			);
			name = Frameworks;
			sourceTree = "<group>";
		};
		6EFFF5099379C7C4F7C0D2CC /* Pods */ = {
			isa = PBXGroup;
			children = (
				F8371F481303701D6A805C99 /* Pods-Weather.debug.xcconfig */,
				C1DF6CBDECD67014B894E51A /* Pods-Weather.release.xcconfig */,
				E5B29999026C1C9168F57EA0 /* Pods-Weather-WeatherUITests.debug.xcconfig */,
				22219BB24714747DA415B3A9 /* Pods-Weather-WeatherUITests.release.xcconfig */,
				4E056BDAA4D0997798A31ED1 /* Pods-WeatherTests.debug.xcconfig */,
				7FC01D3C7885448EE6901E28 /* Pods-WeatherTests.release.xcconfig */,
			);
			name = Pods;
			path = Pods;
			sourceTree = "<group>";
		};
		A39515ABB6194EBA698B665D /* Controller */ = {
			isa = PBXGroup;
			children = (
				A3951062C1986386F865AC9D /* AppDelegate.m */,
				A3951DA4DEDF21B93631417F /* AppDelegate.h */,
				A3951D12CEA4F2E467C14D76 /* SceneDelegate.h */,
				A39510806A6970F81502C116 /* main.m */,
				A39510D8129713E0934F3D48 /* SceneDelegate.m */,
				A3951821B85AC65A492EF5A3 /* ViewController.h */,
				A39514B3AB4480F9FCB44FD4 /* ViewController.m */,
			);
			path = Controller;
			sourceTree = "<group>";
		};
		A39515F17751083D4750FBC3 /* WeatherTests */ = {
			isa = PBXGroup;
			children = (
				A39516DD84D4B8C959E63C07 /* Info.plist */,
				A3951E01CC29053BD6A4DFC1 /* WeatherTests.m */,
			);
			path = WeatherTests;
			sourceTree = "<group>";
		};
		A3951946B7416A6DB0657B62 /* Products */ = {
			isa = PBXGroup;
			children = (
				A39512DD5FABDC1716F1F441 /* Weather.app */,
				A3951D15729A9D14C150D148 /* WeatherTests.xctest */,
				A395188F0EDFA196E3A8EA19 /* WeatherUITests.xctest */,
			);
			name = Products;
			sourceTree = "<group>";
		};
		A3951A243AF5596B496C174D /* Model */ = {
			isa = PBXGroup;
			children = (
				A3951A9C43614DD6190799A7 /* Networking.m */,
				A3951AB34101913739477DF1 /* Networking.h */,
				A39510798C92FB0120D45C86 /* NetworkingAPIKey.m */,
				A39515817083EDE09B412280 /* NetworkingAPIKey.h */,
			);
			path = Model;
			sourceTree = "<group>";
		};
		A3951AA670CC249C86265906 /* Weather */ = {
			isa = PBXGroup;
			children = (
				A39511FC172EC0A0AE2CE173 /* Info.plist */,
				A3951D1F88F70EAFAF0F0C90 /* Assets.xcassets */,
				A3951756C9081C30BA5F0DA6 /* LaunchScreen.storyboard */,
				A3951A243AF5596B496C174D /* Model */,
				A3951EB83A21952C7C8ED623 /* View */,
				A39515ABB6194EBA698B665D /* Controller */,
			);
			path = Weather;
			sourceTree = "<group>";
		};
		A3951B75E4AAB2FD0A43D85C /* WeatherUITests */ = {
			isa = PBXGroup;
			children = (
				A395163E1EDAE3489074B59E /* Info.plist */,
				A39519D515B7026E36AA0604 /* WeatherUITests.m */,
			);
			path = WeatherUITests;
			sourceTree = "<group>";
		};
		A3951BDA18ACDE64B1A1DCB3 = {
			isa = PBXGroup;
			children = (
				A3951946B7416A6DB0657B62 /* Products */,
				A3951AA670CC249C86265906 /* Weather */,
				A39515F17751083D4750FBC3 /* WeatherTests */,
				A3951B75E4AAB2FD0A43D85C /* WeatherUITests */,
				6EFFF5099379C7C4F7C0D2CC /* Pods */,
				57872B9CA316B767F2D31975 /* Frameworks */,
			);
			sourceTree = "<group>";
		};
		A3951EB83A21952C7C8ED623 /* View */ = {
			isa = PBXGroup;
			children = (
				A3951729441589153A8CAB41 /* CollectionViewCell.m */,
				A39519C63F3B4A39960B8617 /* CollectionViewCell.h */,
				A395190027FAB8395A9CBEC4 /* ViewController+Design.m */,
				A39517B6CF71C403C25BC31E /* ViewController+Design.h */,
				A3951760BE6078619808F311 /* WeatherConditionView.m */,
				A3951D6EA4F94AF0DBABE3B7 /* WeatherConditionView.h */,
				A395191420A10F6DEB3818D8 /* AnimatedLabelView.m */,
				A3951D235B0D344BA0A2E333 /* AnimatedLabelView.h */,
			);
			path = View;
			sourceTree = "<group>";
		};
/* End PBXGroup section */

/* Begin PBXNativeTarget section */
		A39510B225AE284DC413209B /* WeatherTests */ = {
			isa = PBXNativeTarget;
			buildConfigurationList = A39515564E4A33F405654CA0 /* Build configuration list for PBXNativeTarget "WeatherTests" */;
			buildPhases = (
				C81E49970B3ABC9E4A1ABBB9 /* [CP] Check Pods Manifest.lock */,
				A3951C14F7903E88C186E33C /* Sources */,
				A3951EDA3E684490A75BD640 /* Frameworks */,
				A39516D403E7AA22614C34BE /* Resources */,
			);
			buildRules = (
			);
			dependencies = (
				A39519041B88C1DC63AA646D /* PBXTargetDependency */,
			);
			name = WeatherTests;
			productName = WeatherTests;
			productReference = A3951D15729A9D14C150D148 /* WeatherTests.xctest */;
			productType = "com.apple.product-type.bundle.unit-test";
		};
		A3951468E3E304DC5271C4BA /* Weather */ = {
			isa = PBXNativeTarget;
			buildConfigurationList = A3951E57B50EFE216A1746CC /* Build configuration list for PBXNativeTarget "Weather" */;
			buildPhases = (
				931C1019ADA0298F7EC18EB6 /* [CP] Check Pods Manifest.lock */,
				A395121BD01D2698F07E1A62 /* Sources */,
				A395187B49A98010EB36439A /* Frameworks */,
				A3951749E9F8D4666DC249AB /* Resources */,
				7AE77D0390C9195F9DD27B16 /* [CP] Embed Pods Frameworks */,
			);
			buildRules = (
			);
			dependencies = (
			);
			name = Weather;
			productName = Weather;
			productReference = A39512DD5FABDC1716F1F441 /* Weather.app */;
			productType = "com.apple.product-type.application";
		};
		A395180D1B64AD9CC3F6BC67 /* WeatherUITests */ = {
			isa = PBXNativeTarget;
			buildConfigurationList = A3951728587E518CD343EE0C /* Build configuration list for PBXNativeTarget "WeatherUITests" */;
			buildPhases = (
				C0EE7CC9747158F218016D62 /* [CP] Check Pods Manifest.lock */,
				A3951CA085EDE41D448A3502 /* Sources */,
				A3951995D64E06178E08E1D6 /* Frameworks */,
				A39518E44EC4105FEB8295AE /* Resources */,
				5A5C1C5711972D4B9E1670A5 /* [CP] Embed Pods Frameworks */,
			);
			buildRules = (
			);
			dependencies = (
				A3951188843A5D78CE017404 /* PBXTargetDependency */,
			);
			name = WeatherUITests;
			productName = WeatherUITests;
			productReference = A395188F0EDFA196E3A8EA19 /* WeatherUITests.xctest */;
			productType = "com.apple.product-type.bundle.ui-testing";
		};
/* End PBXNativeTarget section */

/* Begin PBXProject section */
		A3951AF54EE04441CF26FD0F /* Project object */ = {
			isa = PBXProject;
			attributes = {
				ORGANIZATIONNAME = ariazare;
			};
			buildConfigurationList = A3951EA1CB3C9022373E603C /* Build configuration list for PBXProject "Weather" */;
			compatibilityVersion = "Xcode 3.2";
			developmentRegion = English;
			hasScannedForEncodings = 0;
			knownRegions = (
				English,
				en,
				Base,
			);
			mainGroup = A3951BDA18ACDE64B1A1DCB3;
			productRefGroup = A3951946B7416A6DB0657B62 /* Products */;
			projectDirPath = "";
			projectRoot = "";
			targets = (
				A3951468E3E304DC5271C4BA /* Weather */,
				A39510B225AE284DC413209B /* WeatherTests */,
				A395180D1B64AD9CC3F6BC67 /* WeatherUITests */,
			);
		};
/* End PBXProject section */

/* Begin PBXResourcesBuildPhase section */
		A39516D403E7AA22614C34BE /* Resources */ = {
			isa = PBXResourcesBuildPhase;
			buildActionMask = 2147483647;
			files = (
			);
			runOnlyForDeploymentPostprocessing = 0;
		};
		A3951749E9F8D4666DC249AB /* Resources */ = {
			isa = PBXResourcesBuildPhase;
			buildActionMask = 2147483647;
			files = (
				A3951662CE2D56B14319E43D /* Assets.xcassets in Resources */,
				A39510B055E575D4010B16DA /* LaunchScreen.storyboard in Resources */,
			);
			runOnlyForDeploymentPostprocessing = 0;
		};
		A39518E44EC4105FEB8295AE /* Resources */ = {
			isa = PBXResourcesBuildPhase;
			buildActionMask = 2147483647;
			files = (
			);
			runOnlyForDeploymentPostprocessing = 0;
		};
/* End PBXResourcesBuildPhase section */

/* Begin PBXShellScriptBuildPhase section */
		5A5C1C5711972D4B9E1670A5 /* [CP] Embed Pods Frameworks */ = {
			isa = PBXShellScriptBuildPhase;
			buildActionMask = 2147483647;
			files = (
			);
			inputPaths = (
				"${PODS_ROOT}/Target Support Files/Pods-Weather-WeatherUITests/Pods-Weather-WeatherUITests-frameworks.sh",
				"${BUILT_PRODUCTS_DIR}/AFNetworking/AFNetworking.framework",
			);
			name = "[CP] Embed Pods Frameworks";
			outputPaths = (
				"${TARGET_BUILD_DIR}/${FRAMEWORKS_FOLDER_PATH}/AFNetworking.framework",
			);
			runOnlyForDeploymentPostprocessing = 0;
			shellPath = /bin/sh;
			shellScript = "\"${PODS_ROOT}/Target Support Files/Pods-Weather-WeatherUITests/Pods-Weather-WeatherUITests-frameworks.sh\"\n";
			showEnvVarsInLog = 0;
		};
		7AE77D0390C9195F9DD27B16 /* [CP] Embed Pods Frameworks */ = {
			isa = PBXShellScriptBuildPhase;
			buildActionMask = 2147483647;
			files = (
			);
			inputPaths = (
				"${PODS_ROOT}/Target Support Files/Pods-Weather/Pods-Weather-frameworks.sh",
				"${BUILT_PRODUCTS_DIR}/AFNetworking/AFNetworking.framework",
			);
			name = "[CP] Embed Pods Frameworks";
			outputPaths = (
				"${TARGET_BUILD_DIR}/${FRAMEWORKS_FOLDER_PATH}/AFNetworking.framework",
			);
			runOnlyForDeploymentPostprocessing = 0;
			shellPath = /bin/sh;
			shellScript = "\"${PODS_ROOT}/Target Support Files/Pods-Weather/Pods-Weather-frameworks.sh\"\n";
			showEnvVarsInLog = 0;
		};
		931C1019ADA0298F7EC18EB6 /* [CP] Check Pods Manifest.lock */ = {
			isa = PBXShellScriptBuildPhase;
			buildActionMask = 2147483647;
			files = (
			);
			inputFileListPaths = (
			);
			inputPaths = (
				"${PODS_PODFILE_DIR_PATH}/Podfile.lock",
				"${PODS_ROOT}/Manifest.lock",
			);
			name = "[CP] Check Pods Manifest.lock";
			outputFileListPaths = (
			);
			outputPaths = (
				"$(DERIVED_FILE_DIR)/Pods-Weather-checkManifestLockResult.txt",
			);
			runOnlyForDeploymentPostprocessing = 0;
			shellPath = /bin/sh;
			shellScript = "diff \"${PODS_PODFILE_DIR_PATH}/Podfile.lock\" \"${PODS_ROOT}/Manifest.lock\" > /dev/null\nif [ $? != 0 ] ; then\n    # print error to STDERR\n    echo \"error: The sandbox is not in sync with the Podfile.lock. Run 'pod install' or update your CocoaPods installation.\" >&2\n    exit 1\nfi\n# This output is used by Xcode 'outputs' to avoid re-running this script phase.\necho \"SUCCESS\" > \"${SCRIPT_OUTPUT_FILE_0}\"\n";
			showEnvVarsInLog = 0;
		};
		C0EE7CC9747158F218016D62 /* [CP] Check Pods Manifest.lock */ = {
			isa = PBXShellScriptBuildPhase;
			buildActionMask = 2147483647;
			files = (
			);
			inputFileListPaths = (
			);
			inputPaths = (
				"${PODS_PODFILE_DIR_PATH}/Podfile.lock",
				"${PODS_ROOT}/Manifest.lock",
			);
			name = "[CP] Check Pods Manifest.lock";
			outputFileListPaths = (
			);
			outputPaths = (
				"$(DERIVED_FILE_DIR)/Pods-Weather-WeatherUITests-checkManifestLockResult.txt",
			);
			runOnlyForDeploymentPostprocessing = 0;
			shellPath = /bin/sh;
			shellScript = "diff \"${PODS_PODFILE_DIR_PATH}/Podfile.lock\" \"${PODS_ROOT}/Manifest.lock\" > /dev/null\nif [ $? != 0 ] ; then\n    # print error to STDERR\n    echo \"error: The sandbox is not in sync with the Podfile.lock. Run 'pod install' or update your CocoaPods installation.\" >&2\n    exit 1\nfi\n# This output is used by Xcode 'outputs' to avoid re-running this script phase.\necho \"SUCCESS\" > \"${SCRIPT_OUTPUT_FILE_0}\"\n";
			showEnvVarsInLog = 0;
		};
		C81E49970B3ABC9E4A1ABBB9 /* [CP] Check Pods Manifest.lock */ = {
			isa = PBXShellScriptBuildPhase;
			buildActionMask = 2147483647;
			files = (
			);
			inputFileListPaths = (
			);
			inputPaths = (
				"${PODS_PODFILE_DIR_PATH}/Podfile.lock",
				"${PODS_ROOT}/Manifest.lock",
			);
			name = "[CP] Check Pods Manifest.lock";
			outputFileListPaths = (
			);
			outputPaths = (
				"$(DERIVED_FILE_DIR)/Pods-WeatherTests-checkManifestLockResult.txt",
			);
			runOnlyForDeploymentPostprocessing = 0;
			shellPath = /bin/sh;
			shellScript = "diff \"${PODS_PODFILE_DIR_PATH}/Podfile.lock\" \"${PODS_ROOT}/Manifest.lock\" > /dev/null\nif [ $? != 0 ] ; then\n    # print error to STDERR\n    echo \"error: The sandbox is not in sync with the Podfile.lock. Run 'pod install' or update your CocoaPods installation.\" >&2\n    exit 1\nfi\n# This output is used by Xcode 'outputs' to avoid re-running this script phase.\necho \"SUCCESS\" > \"${SCRIPT_OUTPUT_FILE_0}\"\n";
			showEnvVarsInLog = 0;
		};
/* End PBXShellScriptBuildPhase section */

/* Begin PBXSourcesBuildPhase section */
		A395121BD01D2698F07E1A62 /* Sources */ = {
			isa = PBXSourcesBuildPhase;
			buildActionMask = 2147483647;
			files = (
				A39512BA8D0CE6CBDBDC74E1 /* AppDelegate.m in Sources */,
				A395151660C2365519424698 /* main.m in Sources */,
				A3951F46E65ECF5C1648EEA3 /* SceneDelegate.m in Sources */,
				A3951363947D6F330DBE3B20 /* CollectionViewCell.m in Sources */,
				A395186FE1E818BFF6326599 /* ViewController.m in Sources */,
				A39515ABE616D73673FECB8E /* ViewController+Design.m in Sources */,
				A3951D56D7C6FCF85F66B1D5 /* WeatherConditionView.m in Sources */,
				A3951F88C97476E68CC7BEE6 /* AnimatedLabelView.m in Sources */,
				A395153A2626CD36EF72FFB7 /* Networking.m in Sources */,
				A39511609849438B0D1809CC /* NetworkingAPIKey.m in Sources */,
			);
			runOnlyForDeploymentPostprocessing = 0;
		};
		A3951C14F7903E88C186E33C /* Sources */ = {
			isa = PBXSourcesBuildPhase;
			buildActionMask = 2147483647;
			files = (
				A3951422F1ADA65B91B4F0CA /* WeatherTests.m in Sources */,
			);
			runOnlyForDeploymentPostprocessing = 0;
		};
		A3951CA085EDE41D448A3502 /* Sources */ = {
			isa = PBXSourcesBuildPhase;
			buildActionMask = 2147483647;
			files = (
				A39515322F2EA97F1923DB58 /* WeatherUITests.m in Sources */,
			);
			runOnlyForDeploymentPostprocessing = 0;
		};
/* End PBXSourcesBuildPhase section */

/* Begin PBXTargetDependency section */
		A3951188843A5D78CE017404 /* PBXTargetDependency */ = {
			isa = PBXTargetDependency;
			target = A3951468E3E304DC5271C4BA /* Weather */;
			targetProxy = A3951A841A10CF08DE68D7B2 /* PBXContainerItemProxy */;
		};
		A39519041B88C1DC63AA646D /* PBXTargetDependency */ = {
			isa = PBXTargetDependency;
			target = A3951468E3E304DC5271C4BA /* Weather */;
			targetProxy = A39516CB0D9B4FA27DAE0BFA /* PBXContainerItemProxy */;
		};
/* End PBXTargetDependency section */

/* Begin PBXVariantGroup section */
		A3951756C9081C30BA5F0DA6 /* LaunchScreen.storyboard */ = {
			isa = PBXVariantGroup;
			children = (
				A395135E36A0831A036F2C1F /* Base */,
			);
			name = LaunchScreen.storyboard;
			sourceTree = "<group>";
		};
/* End PBXVariantGroup section */

/* Begin XCBuildConfiguration section */
		A39511F23C0CBA887CB684E0 /* Release */ = {
			isa = XCBuildConfiguration;
			baseConfigurationReference = C1DF6CBDECD67014B894E51A /* Pods-Weather.release.xcconfig */;
			buildSettings = {
				ASSETCATALOG_COMPILER_APPICON_NAME = AppIcon;
				INFOPLIST_FILE = Weather/Info.plist;
				LD_RUNPATH_SEARCH_PATHS = "$(inherited) @executable_path/Frameworks";
				PRODUCT_BUNDLE_IDENTIFIER = com.ariazare.Weather;
				PRODUCT_NAME = "$(TARGET_NAME)";
				TARGETED_DEVICE_FAMILY = "1,2";
			};
			name = Release;
		};
		A39514338A7AA2DB1AFE946A /* Debug */ = {
			isa = XCBuildConfiguration;
			baseConfigurationReference = 4E056BDAA4D0997798A31ED1 /* Pods-WeatherTests.debug.xcconfig */;
			buildSettings = {
				BUNDLE_LOADER = "$(BUILT_PRODUCTS_DIR)/Weather.app/Weather";
				INFOPLIST_FILE = WeatherTests/Info.plist;
				LD_RUNPATH_SEARCH_PATHS = "$(inherited) @executable_path/Frameworks @loader_path/Frameworks";
				PRODUCT_BUNDLE_IDENTIFIER = com.ariazare.WeatherTests;
				PRODUCT_NAME = "$(TARGET_NAME)";
				TARGETED_DEVICE_FAMILY = "1,2";
				TEST_HOST = "$(BUNDLE_LOADER)";
			};
			name = Debug;
		};
		A3951545C58C5F7A7AB94106 /* Release */ = {
			isa = XCBuildConfiguration;
			baseConfigurationReference = 22219BB24714747DA415B3A9 /* Pods-Weather-WeatherUITests.release.xcconfig */;
			buildSettings = {
				INFOPLIST_FILE = WeatherUITests/Info.plist;
				LD_RUNPATH_SEARCH_PATHS = "$(inherited) @executable_path/Frameworks @loader_path/Frameworks";
				PRODUCT_BUNDLE_IDENTIFIER = com.ariazare.WeatherUITests;
				PRODUCT_NAME = "$(TARGET_NAME)";
				TARGETED_DEVICE_FAMILY = "1,2";
				TEST_TARGET_NAME = Weather;
			};
			name = Release;
		};
		A39516703BB1FEB515033C94 /* Debug */ = {
			isa = XCBuildConfiguration;
			baseConfigurationReference = E5B29999026C1C9168F57EA0 /* Pods-Weather-WeatherUITests.debug.xcconfig */;
			buildSettings = {
				INFOPLIST_FILE = WeatherUITests/Info.plist;
				LD_RUNPATH_SEARCH_PATHS = "$(inherited) @executable_path/Frameworks @loader_path/Frameworks";
				PRODUCT_BUNDLE_IDENTIFIER = com.ariazare.WeatherUITests;
				PRODUCT_NAME = "$(TARGET_NAME)";
				TARGETED_DEVICE_FAMILY = "1,2";
				TEST_TARGET_NAME = Weather;
			};
			name = Debug;
		};
		A39516945E017EBB04247774 /* Debug */ = {
			isa = XCBuildConfiguration;
			baseConfigurationReference = F8371F481303701D6A805C99 /* Pods-Weather.debug.xcconfig */;
			buildSettings = {
				ASSETCATALOG_COMPILER_APPICON_NAME = AppIcon;
				INFOPLIST_FILE = Weather/Info.plist;
				LD_RUNPATH_SEARCH_PATHS = "$(inherited) @executable_path/Frameworks";
				PRODUCT_BUNDLE_IDENTIFIER = com.ariazare.Weather;
				PRODUCT_NAME = "$(TARGET_NAME)";
				TARGETED_DEVICE_FAMILY = "1,2";
			};
			name = Debug;
		};
		A395176F8CA3D9CBEA9EDADD /* Release */ = {
			isa = XCBuildConfiguration;
			baseConfigurationReference = 7FC01D3C7885448EE6901E28 /* Pods-WeatherTests.release.xcconfig */;
			buildSettings = {
				BUNDLE_LOADER = "$(BUILT_PRODUCTS_DIR)/Weather.app/Weather";
				INFOPLIST_FILE = WeatherTests/Info.plist;
				LD_RUNPATH_SEARCH_PATHS = "$(inherited) @executable_path/Frameworks @loader_path/Frameworks";
				PRODUCT_BUNDLE_IDENTIFIER = com.ariazare.WeatherTests;
				PRODUCT_NAME = "$(TARGET_NAME)";
				TARGETED_DEVICE_FAMILY = "1,2";
				TEST_HOST = "$(BUNDLE_LOADER)";
			};
			name = Release;
		};
		A39519707C0BC92AFD5038F5 /* Release */ = {
			isa = XCBuildConfiguration;
			buildSettings = {
				ALWAYS_SEARCH_USER_PATHS = NO;
				CLANG_ANALYZER_NONNULL = YES;
				CLANG_ANALYZER_NUMBER_OBJECT_CONVERSION = YES_AGGRESSIVE;
				CLANG_CXX_LANGUAGE_STANDARD = "gnu++14";
				CLANG_CXX_LIBRARY = "libc++";
				CLANG_ENABLE_MODULES = YES;
				CLANG_ENABLE_OBJC_ARC = YES;
				CLANG_ENABLE_OBJC_WEAK = YES;
				CLANG_WARN_BLOCK_CAPTURE_AUTORELEASING = YES;
				CLANG_WARN_BOOL_CONVERSION = YES;
				CLANG_WARN_COMMA = YES;
				CLANG_WARN_CONSTANT_CONVERSION = YES;
				CLANG_WARN_DEPRECATED_OBJC_IMPLEMENTATIONS = YES;
				CLANG_WARN_DIRECT_OBJC_ISA_USAGE = YES_ERROR;
				CLANG_WARN_DOCUMENTATION_COMMENTS = YES;
				CLANG_WARN_EMPTY_BODY = YES;
				CLANG_WARN_ENUM_CONVERSION = YES;
				CLANG_WARN_INFINITE_RECURSION = YES;
				CLANG_WARN_INT_CONVERSION = YES;
				CLANG_WARN_NON_LITERAL_NULL_CONVERSION = YES;
				CLANG_WARN_OBJC_IMPLICIT_RETAIN_SELF = YES;
				CLANG_WARN_OBJC_LITERAL_CONVERSION = YES;
				CLANG_WARN_OBJC_ROOT_CLASS = YES_ERROR;
				CLANG_WARN_RANGE_LOOP_ANALYSIS = YES;
				CLANG_WARN_STRICT_PROTOTYPES = YES;
				CLANG_WARN_SUSPICIOUS_MOVE = YES;
				CLANG_WARN_UNGUARDED_AVAILABILITY = YES_AGGRESSIVE;
				CLANG_WARN_UNREACHABLE_CODE = YES;
				CLANG_WARN__DUPLICATE_METHOD_MATCH = YES;
				COPY_PHASE_STRIP = NO;
				DEBUG_INFORMATION_FORMAT = "dwarf-with-dsym";
				ENABLE_NS_ASSERTIONS = NO;
				ENABLE_STRICT_OBJC_MSGSEND = YES;
				GCC_C_LANGUAGE_STANDARD = gnu11;
				GCC_NO_COMMON_BLOCKS = YES;
				GCC_WARN_64_TO_32_BIT_CONVERSION = YES;
				GCC_WARN_ABOUT_RETURN_TYPE = YES_ERROR;
				GCC_WARN_UNDECLARED_SELECTOR = YES;
				GCC_WARN_UNINITIALIZED_AUTOS = YES_AGGRESSIVE;
				GCC_WARN_UNUSED_FUNCTION = YES;
				GCC_WARN_UNUSED_VARIABLE = YES;
				IPHONEOS_DEPLOYMENT_TARGET = 13.4;
				MTL_ENABLE_DEBUG_INFO = NO;
				MTL_FAST_MATH = YES;
				SDKROOT = iphoneos;
				VALIDATE_PRODUCT = YES;
			};
			name = Release;
		};
		A3951EC6D18F279627002FEE /* Debug */ = {
			isa = XCBuildConfiguration;
			buildSettings = {
				ALWAYS_SEARCH_USER_PATHS = NO;
				CLANG_ANALYZER_NONNULL = YES;
				CLANG_ANALYZER_NUMBER_OBJECT_CONVERSION = YES_AGGRESSIVE;
				CLANG_CXX_LANGUAGE_STANDARD = "gnu++14";
				CLANG_CXX_LIBRARY = "libc++";
				CLANG_ENABLE_MODULES = YES;
				CLANG_ENABLE_OBJC_ARC = YES;
				CLANG_ENABLE_OBJC_WEAK = YES;
				CLANG_WARN_BLOCK_CAPTURE_AUTORELEASING = YES;
				CLANG_WARN_BOOL_CONVERSION = YES;
				CLANG_WARN_COMMA = YES;
				CLANG_WARN_CONSTANT_CONVERSION = YES;
				CLANG_WARN_DEPRECATED_OBJC_IMPLEMENTATIONS = YES;
				CLANG_WARN_DIRECT_OBJC_ISA_USAGE = YES_ERROR;
				CLANG_WARN_DOCUMENTATION_COMMENTS = YES;
				CLANG_WARN_EMPTY_BODY = YES;
				CLANG_WARN_ENUM_CONVERSION = YES;
				CLANG_WARN_INFINITE_RECURSION = YES;
				CLANG_WARN_INT_CONVERSION = YES;
				CLANG_WARN_NON_LITERAL_NULL_CONVERSION = YES;
				CLANG_WARN_OBJC_IMPLICIT_RETAIN_SELF = YES;
				CLANG_WARN_OBJC_LITERAL_CONVERSION = YES;
				CLANG_WARN_OBJC_ROOT_CLASS = YES_ERROR;
				CLANG_WARN_RANGE_LOOP_ANALYSIS = YES;
				CLANG_WARN_STRICT_PROTOTYPES = YES;
				CLANG_WARN_SUSPICIOUS_MOVE = YES;
				CLANG_WARN_UNGUARDED_AVAILABILITY = YES_AGGRESSIVE;
				CLANG_WARN_UNREACHABLE_CODE = YES;
				CLANG_WARN__DUPLICATE_METHOD_MATCH = YES;
				COPY_PHASE_STRIP = NO;
				DEBUG_INFORMATION_FORMAT = dwarf;
				ENABLE_STRICT_OBJC_MSGSEND = YES;
				ENABLE_TESTABILITY = YES;
				GCC_C_LANGUAGE_STANDARD = gnu11;
				GCC_DYNAMIC_NO_PIC = NO;
				GCC_NO_COMMON_BLOCKS = YES;
				GCC_OPTIMIZATION_LEVEL = 0;
				GCC_PREPROCESSOR_DEFINITIONS = (
					"DEBUG=1",
					"$(inherited)",
				);
				GCC_WARN_64_TO_32_BIT_CONVERSION = YES;
				GCC_WARN_ABOUT_RETURN_TYPE = YES_ERROR;
				GCC_WARN_UNDECLARED_SELECTOR = YES;
				GCC_WARN_UNINITIALIZED_AUTOS = YES_AGGRESSIVE;
				GCC_WARN_UNUSED_FUNCTION = YES;
				GCC_WARN_UNUSED_VARIABLE = YES;
				IPHONEOS_DEPLOYMENT_TARGET = 13.4;
				MTL_ENABLE_DEBUG_INFO = INCLUDE_SOURCE;
				MTL_FAST_MATH = YES;
				ONLY_ACTIVE_ARCH = YES;
				SDKROOT = iphoneos;
			};
			name = Debug;
		};
/* End XCBuildConfiguration section */

/* Begin XCConfigurationList section */
		A39515564E4A33F405654CA0 /* Build configuration list for PBXNativeTarget "WeatherTests" */ = {
			isa = XCConfigurationList;
			buildConfigurations = (
				A39514338A7AA2DB1AFE946A /* Debug */,
				A395176F8CA3D9CBEA9EDADD /* Release */,
			);
			defaultConfigurationIsVisible = 0;
			defaultConfigurationName = Release;
		};
		A3951728587E518CD343EE0C /* Build configuration list for PBXNativeTarget "WeatherUITests" */ = {
			isa = XCConfigurationList;
			buildConfigurations = (
				A39516703BB1FEB515033C94 /* Debug */,
				A3951545C58C5F7A7AB94106 /* Release */,
			);
			defaultConfigurationIsVisible = 0;
			defaultConfigurationName = Release;
		};
		A3951E57B50EFE216A1746CC /* Build configuration list for PBXNativeTarget "Weather" */ = {
			isa = XCConfigurationList;
			buildConfigurations = (
				A39516945E017EBB04247774 /* Debug */,
				A39511F23C0CBA887CB684E0 /* Release */,
			);
			defaultConfigurationIsVisible = 0;
			defaultConfigurationName = Release;
		};
		A3951EA1CB3C9022373E603C /* Build configuration list for PBXProject "Weather" */ = {
			isa = XCConfigurationList;
			buildConfigurations = (
				A3951EC6D18F279627002FEE /* Debug */,
				A39519707C0BC92AFD5038F5 /* Release */,
			);
			defaultConfigurationIsVisible = 0;
			defaultConfigurationName = Release;
		};
/* End XCConfigurationList section */
	};
	rootObject = A3951AF54EE04441CF26FD0F /* Project object */;
}
